// !$*UTF8*$!
{
	archiveVersion = 1;
	classes = {
	};
	objectVersion = 50;
	objects = {

/* Begin PBXBuildFile section */
		161F3995267A092B0044FF5B /* Protocols.swift in Sources */ = {isa = PBXBuildFile; fileRef = 161F3994267A092B0044FF5B /* Protocols.swift */; };
		161F3997267A0AB50044FF5B /* Structs.swift in Sources */ = {isa = PBXBuildFile; fileRef = 161F3996267A0AB50044FF5B /* Structs.swift */; };
		161F399D267A26FE0044FF5B /* SecondView.swift in Sources */ = {isa = PBXBuildFile; fileRef = 161F399C267A26FE0044FF5B /* SecondView.swift */; };
		161F399F267A2DA40044FF5B /* MainView.swift in Sources */ = {isa = PBXBuildFile; fileRef = 161F399E267A2DA40044FF5B /* MainView.swift */; };
		161F39A3267B56270044FF5B /* GradientButton.swift in Sources */ = {isa = PBXBuildFile; fileRef = 161F39A2267B56270044FF5B /* GradientButton.swift */; };
		161F39B9267CA1560044FF5B /* TestViewController.swift in Sources */ = {isa = PBXBuildFile; fileRef = 161F39B8267CA1560044FF5B /* TestViewController.swift */; };
		161F39CA267CB14E0044FF5B /* CustomFeedbackForm.framework in Frameworks */ = {isa = PBXBuildFile; fileRef = 161F39C8267CB12E0044FF5B /* CustomFeedbackForm.framework */; };
		161F39CB267CB14E0044FF5B /* CustomFeedbackForm.framework in Embed Frameworks */ = {isa = PBXBuildFile; fileRef = 161F39C8267CB12E0044FF5B /* CustomFeedbackForm.framework */; settings = {ATTRIBUTES = (CodeSignOnCopy, RemoveHeadersOnCopy, ); }; };
		161F39CD267E347E0044FF5B /* Configuration.swift in Sources */ = {isa = PBXBuildFile; fileRef = 161F39CC267E347E0044FF5B /* Configuration.swift */; };
		1648B6082671492000D4264A /* MainScrollView.swift in Sources */ = {isa = PBXBuildFile; fileRef = 1648B6072671492000D4264A /* MainScrollView.swift */; };
		164EE8E72666B7D200312366 /* AppDelegate.swift in Sources */ = {isa = PBXBuildFile; fileRef = 164EE8E62666B7D200312366 /* AppDelegate.swift */; };
		164EE8E92666B7D200312366 /* SceneDelegate.swift in Sources */ = {isa = PBXBuildFile; fileRef = 164EE8E82666B7D200312366 /* SceneDelegate.swift */; };
		164EE8EB2666B7D200312366 /* ViewController.swift in Sources */ = {isa = PBXBuildFile; fileRef = 164EE8EA2666B7D200312366 /* ViewController.swift */; };
		164EE8F02666B7D500312366 /* Assets.xcassets in Resources */ = {isa = PBXBuildFile; fileRef = 164EE8EF2666B7D500312366 /* Assets.xcassets */; };
		164EE8F32666B7D500312366 /* LaunchScreen.storyboard in Resources */ = {isa = PBXBuildFile; fileRef = 164EE8F12666B7D500312366 /* LaunchScreen.storyboard */; };
		164EE8FE2666B7D500312366 /* DemoTests.swift in Sources */ = {isa = PBXBuildFile; fileRef = 164EE8FD2666B7D500312366 /* DemoTests.swift */; };
		164EE9092666B7D500312366 /* DemoUITests.swift in Sources */ = {isa = PBXBuildFile; fileRef = 164EE9082666B7D500312366 /* DemoUITests.swift */; };
		164EE91C2666BE9A00312366 /* FirstView.swift in Sources */ = {isa = PBXBuildFile; fileRef = 164EE91B2666BE9A00312366 /* FirstView.swift */; };
		164EE91E2666BED900312366 /* FirstViewCongratulation.swift in Sources */ = {isa = PBXBuildFile; fileRef = 164EE91D2666BED900312366 /* FirstViewCongratulation.swift */; };
		164EE9202666BEF500312366 /* CongratulationViewController.swift in Sources */ = {isa = PBXBuildFile; fileRef = 164EE91F2666BEF500312366 /* CongratulationViewController.swift */; };
/* End PBXBuildFile section */

/* Begin PBXContainerItemProxy section */
		164EE8FA2666B7D500312366 /* PBXContainerItemProxy */ = {
			isa = PBXContainerItemProxy;
			containerPortal = 164EE8DB2666B7D200312366 /* Project object */;
			proxyType = 1;
			remoteGlobalIDString = 164EE8E22666B7D200312366;
			remoteInfo = Demo;
		};
		164EE9052666B7D500312366 /* PBXContainerItemProxy */ = {
			isa = PBXContainerItemProxy;
			containerPortal = 164EE8DB2666B7D200312366 /* Project object */;
			proxyType = 1;
			remoteGlobalIDString = 164EE8E22666B7D200312366;
			remoteInfo = Demo;
		};
/* End PBXContainerItemProxy section */

/* Begin PBXCopyFilesBuildPhase section */
		16AE06A5266CDF8E007409FE /* Embed Frameworks */ = {
			isa = PBXCopyFilesBuildPhase;
			buildActionMask = 2147483647;
			dstPath = "";
			dstSubfolderSpec = 10;
			files = (
				161F39CB267CB14E0044FF5B /* CustomFeedbackForm.framework in Embed Frameworks */,
			);
			name = "Embed Frameworks";
			runOnlyForDeploymentPostprocessing = 0;
		};
/* End PBXCopyFilesBuildPhase section */

/* Begin PBXFileReference section */
		161F3994267A092B0044FF5B /* Protocols.swift */ = {isa = PBXFileReference; lastKnownFileType = sourcecode.swift; path = Protocols.swift; sourceTree = "<group>"; };
		161F3996267A0AB50044FF5B /* Structs.swift */ = {isa = PBXFileReference; lastKnownFileType = sourcecode.swift; path = Structs.swift; sourceTree = "<group>"; };
		161F399C267A26FE0044FF5B /* SecondView.swift */ = {isa = PBXFileReference; lastKnownFileType = sourcecode.swift; path = SecondView.swift; sourceTree = "<group>"; };
		161F399E267A2DA40044FF5B /* MainView.swift */ = {isa = PBXFileReference; lastKnownFileType = sourcecode.swift; path = MainView.swift; sourceTree = "<group>"; };
		161F39A2267B56270044FF5B /* GradientButton.swift */ = {isa = PBXFileReference; lastKnownFileType = sourcecode.swift; path = GradientButton.swift; sourceTree = "<group>"; };
		161F39B8267CA1560044FF5B /* TestViewController.swift */ = {isa = PBXFileReference; lastKnownFileType = sourcecode.swift; path = TestViewController.swift; sourceTree = "<group>"; };
		161F39C8267CB12E0044FF5B /* CustomFeedbackForm.framework */ = {isa = PBXFileReference; lastKnownFileType = wrapper.framework; path = CustomFeedbackForm.framework; sourceTree = "<group>"; };
		161F39CC267E347E0044FF5B /* Configuration.swift */ = {isa = PBXFileReference; lastKnownFileType = sourcecode.swift; path = Configuration.swift; sourceTree = "<group>"; };
		1648B6072671492000D4264A /* MainScrollView.swift */ = {isa = PBXFileReference; lastKnownFileType = sourcecode.swift; path = MainScrollView.swift; sourceTree = "<group>"; };
		164EE8E32666B7D200312366 /* Demo.app */ = {isa = PBXFileReference; explicitFileType = wrapper.application; includeInIndex = 0; path = Demo.app; sourceTree = BUILT_PRODUCTS_DIR; };
		164EE8E62666B7D200312366 /* AppDelegate.swift */ = {isa = PBXFileReference; lastKnownFileType = sourcecode.swift; path = AppDelegate.swift; sourceTree = "<group>"; };
		164EE8E82666B7D200312366 /* SceneDelegate.swift */ = {isa = PBXFileReference; lastKnownFileType = sourcecode.swift; path = SceneDelegate.swift; sourceTree = "<group>"; };
		164EE8EA2666B7D200312366 /* ViewController.swift */ = {isa = PBXFileReference; lastKnownFileType = sourcecode.swift; path = ViewController.swift; sourceTree = "<group>"; };
		164EE8EF2666B7D500312366 /* Assets.xcassets */ = {isa = PBXFileReference; lastKnownFileType = folder.assetcatalog; path = Assets.xcassets; sourceTree = "<group>"; };
		164EE8F22666B7D500312366 /* Base */ = {isa = PBXFileReference; lastKnownFileType = file.storyboard; name = Base; path = Base.lproj/LaunchScreen.storyboard; sourceTree = "<group>"; };
		164EE8F42666B7D500312366 /* Info.plist */ = {isa = PBXFileReference; lastKnownFileType = text.plist.xml; path = Info.plist; sourceTree = "<group>"; };
		164EE8F92666B7D500312366 /* DemoTests.xctest */ = {isa = PBXFileReference; explicitFileType = wrapper.cfbundle; includeInIndex = 0; path = DemoTests.xctest; sourceTree = BUILT_PRODUCTS_DIR; };
		164EE8FD2666B7D500312366 /* DemoTests.swift */ = {isa = PBXFileReference; lastKnownFileType = sourcecode.swift; path = DemoTests.swift; sourceTree = "<group>"; };
		164EE8FF2666B7D500312366 /* Info.plist */ = {isa = PBXFileReference; lastKnownFileType = text.plist.xml; path = Info.plist; sourceTree = "<group>"; };
		164EE9042666B7D500312366 /* DemoUITests.xctest */ = {isa = PBXFileReference; explicitFileType = wrapper.cfbundle; includeInIndex = 0; path = DemoUITests.xctest; sourceTree = BUILT_PRODUCTS_DIR; };
		164EE9082666B7D500312366 /* DemoUITests.swift */ = {isa = PBXFileReference; lastKnownFileType = sourcecode.swift; path = DemoUITests.swift; sourceTree = "<group>"; };
		164EE90A2666B7D500312366 /* Info.plist */ = {isa = PBXFileReference; lastKnownFileType = text.plist.xml; path = Info.plist; sourceTree = "<group>"; };
		164EE91B2666BE9A00312366 /* FirstView.swift */ = {isa = PBXFileReference; lastKnownFileType = sourcecode.swift; path = FirstView.swift; sourceTree = "<group>"; };
		164EE91D2666BED900312366 /* FirstViewCongratulation.swift */ = {isa = PBXFileReference; lastKnownFileType = sourcecode.swift; path = FirstViewCongratulation.swift; sourceTree = "<group>"; };
		164EE91F2666BEF500312366 /* CongratulationViewController.swift */ = {isa = PBXFileReference; lastKnownFileType = sourcecode.swift; path = CongratulationViewController.swift; sourceTree = "<group>"; };
/* End PBXFileReference section */

/* Begin PBXFrameworksBuildPhase section */
		164EE8E02666B7D200312366 /* Frameworks */ = {
			isa = PBXFrameworksBuildPhase;
			buildActionMask = 2147483647;
			files = (
				161F39CA267CB14E0044FF5B /* CustomFeedbackForm.framework in Frameworks */,
			);
			runOnlyForDeploymentPostprocessing = 0;
		};
		164EE8F62666B7D500312366 /* Frameworks */ = {
			isa = PBXFrameworksBuildPhase;
			buildActionMask = 2147483647;
			files = (
			);
			runOnlyForDeploymentPostprocessing = 0;
		};
		164EE9012666B7D500312366 /* Frameworks */ = {
			isa = PBXFrameworksBuildPhase;
			buildActionMask = 2147483647;
			files = (
			);
			runOnlyForDeploymentPostprocessing = 0;
		};
/* End PBXFrameworksBuildPhase section */

/* Begin PBXGroup section */
		161F399A267A26B30044FF5B /* FirstView */ = {
			isa = PBXGroup;
			children = (
				164EE91B2666BE9A00312366 /* FirstView.swift */,
				164EE91D2666BED900312366 /* FirstViewCongratulation.swift */,
			);
			path = FirstView;
			sourceTree = "<group>";
		};
		161F399B267A26C30044FF5B /* SecondView */ = {
			isa = PBXGroup;
			children = (
				161F399C267A26FE0044FF5B /* SecondView.swift */,
			);
			path = SecondView;
			sourceTree = "<group>";
		};
		161F39B7267CA1130044FF5B /* Frameworks */ = {
			isa = PBXGroup;
			children = (
				161F39C8267CB12E0044FF5B /* CustomFeedbackForm.framework */,
			);
			path = Frameworks;
			sourceTree = "<group>";
		};
		164EE8DA2666B7D200312366 = {
			isa = PBXGroup;
			children = (
				164EE8E52666B7D200312366 /* Demo */,
				161F39B7267CA1130044FF5B /* Frameworks */,
				164EE8FC2666B7D500312366 /* DemoTests */,
				164EE9072666B7D500312366 /* DemoUITests */,
				164EE8E42666B7D200312366 /* Products */,
			);
			sourceTree = "<group>";
		};
		164EE8E42666B7D200312366 /* Products */ = {
			isa = PBXGroup;
			children = (
				164EE8E32666B7D200312366 /* Demo.app */,
				164EE8F92666B7D500312366 /* DemoTests.xctest */,
				164EE9042666B7D500312366 /* DemoUITests.xctest */,
			);
			name = Products;
			sourceTree = "<group>";
		};
		164EE8E52666B7D200312366 /* Demo */ = {
			isa = PBXGroup;
			children = (
				164EE8F42666B7D500312366 /* Info.plist */,
				164EE9182666BDBC00312366 /* App */,
				164EE9172666BDA600312366 /* Core */,
				164EE9192666BDFD00312366 /* Environments */,
				164EE91A2666BE2100312366 /* Resources */,
			);
			path = Demo;
			sourceTree = "<group>";
		};
		164EE8FC2666B7D500312366 /* DemoTests */ = {
			isa = PBXGroup;
			children = (
				164EE8FD2666B7D500312366 /* DemoTests.swift */,
				164EE8FF2666B7D500312366 /* Info.plist */,
			);
			path = DemoTests;
			sourceTree = "<group>";
		};
		164EE9072666B7D500312366 /* DemoUITests */ = {
			isa = PBXGroup;
			children = (
				164EE9082666B7D500312366 /* DemoUITests.swift */,
				164EE90A2666B7D500312366 /* Info.plist */,
			);
			path = DemoUITests;
			sourceTree = "<group>";
		};
		164EE9162666BD9500312366 /* Views */ = {
			isa = PBXGroup;
			children = (
				1648B6072671492000D4264A /* MainScrollView.swift */,
				161F399E267A2DA40044FF5B /* MainView.swift */,
				161F399A267A26B30044FF5B /* FirstView */,
				161F399B267A26C30044FF5B /* SecondView */,
			);
			path = Views;
			sourceTree = "<group>";
		};
		164EE9172666BDA600312366 /* Core */ = {
			isa = PBXGroup;
			children = (
				164EE8E82666B7D200312366 /* SceneDelegate.swift */,
			);
			path = Core;
			sourceTree = "<group>";
		};
		164EE9182666BDBC00312366 /* App */ = {
			isa = PBXGroup;
			children = (
				164EE8E62666B7D200312366 /* AppDelegate.swift */,
				164EE9162666BD9500312366 /* Views */,
				161F39B8267CA1560044FF5B /* TestViewController.swift */,
				164EE8EA2666B7D200312366 /* ViewController.swift */,
				164EE91F2666BEF500312366 /* CongratulationViewController.swift */,
			);
			path = App;
			sourceTree = "<group>";
		};
		164EE9192666BDFD00312366 /* Environments */ = {
			isa = PBXGroup;
			children = (
				161F39CC267E347E0044FF5B /* Configuration.swift */,
				161F3994267A092B0044FF5B /* Protocols.swift */,
				161F3996267A0AB50044FF5B /* Structs.swift */,
				161F39A2267B56270044FF5B /* GradientButton.swift */,
			);
			path = Environments;
			sourceTree = "<group>";
		};
		164EE91A2666BE2100312366 /* Resources */ = {
			isa = PBXGroup;
			children = (
				164EE8F12666B7D500312366 /* LaunchScreen.storyboard */,
				164EE8EF2666B7D500312366 /* Assets.xcassets */,
			);
			path = Resources;
			sourceTree = "<group>";
		};
/* End PBXGroup section */

/* Begin PBXNativeTarget section */
		164EE8E22666B7D200312366 /* Demo */ = {
			isa = PBXNativeTarget;
			buildConfigurationList = 164EE90D2666B7D500312366 /* Build configuration list for PBXNativeTarget "Demo" */;
			buildPhases = (
				164EE8DF2666B7D200312366 /* Sources */,
				164EE8E02666B7D200312366 /* Frameworks */,
				164EE8E12666B7D200312366 /* Resources */,
				16AE06A5266CDF8E007409FE /* Embed Frameworks */,
			);
			buildRules = (
			);
			dependencies = (
			);
			name = Demo;
			productName = Demo;
			productReference = 164EE8E32666B7D200312366 /* Demo.app */;
			productType = "com.apple.product-type.application";
		};
		164EE8F82666B7D500312366 /* DemoTests */ = {
			isa = PBXNativeTarget;
			buildConfigurationList = 164EE9102666B7D500312366 /* Build configuration list for PBXNativeTarget "DemoTests" */;
			buildPhases = (
				164EE8F52666B7D500312366 /* Sources */,
				164EE8F62666B7D500312366 /* Frameworks */,
				164EE8F72666B7D500312366 /* Resources */,
			);
			buildRules = (
			);
			dependencies = (
				164EE8FB2666B7D500312366 /* PBXTargetDependency */,
			);
			name = DemoTests;
			productName = DemoTests;
			productReference = 164EE8F92666B7D500312366 /* DemoTests.xctest */;
			productType = "com.apple.product-type.bundle.unit-test";
		};
		164EE9032666B7D500312366 /* DemoUITests */ = {
			isa = PBXNativeTarget;
			buildConfigurationList = 164EE9132666B7D500312366 /* Build configuration list for PBXNativeTarget "DemoUITests" */;
			buildPhases = (
				164EE9002666B7D500312366 /* Sources */,
				164EE9012666B7D500312366 /* Frameworks */,
				164EE9022666B7D500312366 /* Resources */,
			);
			buildRules = (
			);
			dependencies = (
				164EE9062666B7D500312366 /* PBXTargetDependency */,
			);
			name = DemoUITests;
			productName = DemoUITests;
			productReference = 164EE9042666B7D500312366 /* DemoUITests.xctest */;
			productType = "com.apple.product-type.bundle.ui-testing";
		};
/* End PBXNativeTarget section */

/* Begin PBXProject section */
		164EE8DB2666B7D200312366 /* Project object */ = {
			isa = PBXProject;
			attributes = {
				LastSwiftUpdateCheck = 1250;
				LastUpgradeCheck = 1250;
				TargetAttributes = {
					164EE8E22666B7D200312366 = {
						CreatedOnToolsVersion = 12.5;
					};
					164EE8F82666B7D500312366 = {
						CreatedOnToolsVersion = 12.5;
						TestTargetID = 164EE8E22666B7D200312366;
					};
					164EE9032666B7D500312366 = {
						CreatedOnToolsVersion = 12.5;
						TestTargetID = 164EE8E22666B7D200312366;
					};
				};
			};
			buildConfigurationList = 164EE8DE2666B7D200312366 /* Build configuration list for PBXProject "Demo" */;
			compatibilityVersion = "Xcode 9.3";
			developmentRegion = en;
			hasScannedForEncodings = 0;
			knownRegions = (
				en,
				Base,
			);
			mainGroup = 164EE8DA2666B7D200312366;
			productRefGroup = 164EE8E42666B7D200312366 /* Products */;
			projectDirPath = "";
			projectRoot = "";
			targets = (
				164EE8E22666B7D200312366 /* Demo */,
				164EE8F82666B7D500312366 /* DemoTests */,
				164EE9032666B7D500312366 /* DemoUITests */,
			);
		};
/* End PBXProject section */

/* Begin PBXResourcesBuildPhase section */
		164EE8E12666B7D200312366 /* Resources */ = {
			isa = PBXResourcesBuildPhase;
			buildActionMask = 2147483647;
			files = (
				164EE8F32666B7D500312366 /* LaunchScreen.storyboard in Resources */,
				164EE8F02666B7D500312366 /* Assets.xcassets in Resources */,
			);
			runOnlyForDeploymentPostprocessing = 0;
		};
		164EE8F72666B7D500312366 /* Resources */ = {
			isa = PBXResourcesBuildPhase;
			buildActionMask = 2147483647;
			files = (
			);
			runOnlyForDeploymentPostprocessing = 0;
		};
		164EE9022666B7D500312366 /* Resources */ = {
			isa = PBXResourcesBuildPhase;
			buildActionMask = 2147483647;
			files = (
			);
			runOnlyForDeploymentPostprocessing = 0;
		};
/* End PBXResourcesBuildPhase section */

/* Begin PBXSourcesBuildPhase section */
		164EE8DF2666B7D200312366 /* Sources */ = {
			isa = PBXSourcesBuildPhase;
			buildActionMask = 2147483647;
			files = (
				161F3997267A0AB50044FF5B /* Structs.swift in Sources */,
				161F39A3267B56270044FF5B /* GradientButton.swift in Sources */,
				161F39CD267E347E0044FF5B /* Configuration.swift in Sources */,
				164EE9202666BEF500312366 /* CongratulationViewController.swift in Sources */,
				1648B6082671492000D4264A /* MainScrollView.swift in Sources */,
				164EE91E2666BED900312366 /* FirstViewCongratulation.swift in Sources */,
				161F39B9267CA1560044FF5B /* TestViewController.swift in Sources */,
				164EE8EB2666B7D200312366 /* ViewController.swift in Sources */,
				164EE91C2666BE9A00312366 /* FirstView.swift in Sources */,
				161F399D267A26FE0044FF5B /* SecondView.swift in Sources */,
				161F399F267A2DA40044FF5B /* MainView.swift in Sources */,
				164EE8E72666B7D200312366 /* AppDelegate.swift in Sources */,
				164EE8E92666B7D200312366 /* SceneDelegate.swift in Sources */,
				161F3995267A092B0044FF5B /* Protocols.swift in Sources */,
			);
			runOnlyForDeploymentPostprocessing = 0;
		};
		164EE8F52666B7D500312366 /* Sources */ = {
			isa = PBXSourcesBuildPhase;
			buildActionMask = 2147483647;
			files = (
				164EE8FE2666B7D500312366 /* DemoTests.swift in Sources */,
			);
			runOnlyForDeploymentPostprocessing = 0;
		};
		164EE9002666B7D500312366 /* Sources */ = {
			isa = PBXSourcesBuildPhase;
			buildActionMask = 2147483647;
			files = (
				164EE9092666B7D500312366 /* DemoUITests.swift in Sources */,
			);
			runOnlyForDeploymentPostprocessing = 0;
		};
/* End PBXSourcesBuildPhase section */

/* Begin PBXTargetDependency section */
		164EE8FB2666B7D500312366 /* PBXTargetDependency */ = {
			isa = PBXTargetDependency;
			target = 164EE8E22666B7D200312366 /* Demo */;
			targetProxy = 164EE8FA2666B7D500312366 /* PBXContainerItemProxy */;
		};
		164EE9062666B7D500312366 /* PBXTargetDependency */ = {
			isa = PBXTargetDependency;
			target = 164EE8E22666B7D200312366 /* Demo */;
			targetProxy = 164EE9052666B7D500312366 /* PBXContainerItemProxy */;
		};
/* End PBXTargetDependency section */

/* Begin PBXVariantGroup section */
		164EE8F12666B7D500312366 /* LaunchScreen.storyboard */ = {
			isa = PBXVariantGroup;
			children = (
				164EE8F22666B7D500312366 /* Base */,
			);
			name = LaunchScreen.storyboard;
			sourceTree = "<group>";
		};
/* End PBXVariantGroup section */

/* Begin XCBuildConfiguration section */
		164EE90B2666B7D500312366 /* Debug */ = {
			isa = XCBuildConfiguration;
			buildSettings = {
				ALWAYS_SEARCH_USER_PATHS = NO;
				CLANG_ANALYZER_NONNULL = YES;
				CLANG_ANALYZER_NUMBER_OBJECT_CONVERSION = YES_AGGRESSIVE;
				CLANG_CXX_LANGUAGE_STANDARD = "gnu++14";
				CLANG_CXX_LIBRARY = "libc++";
				CLANG_ENABLE_MODULES = YES;
				CLANG_ENABLE_OBJC_ARC = YES;
				CLANG_ENABLE_OBJC_WEAK = YES;
				CLANG_WARN_BLOCK_CAPTURE_AUTORELEASING = YES;
				CLANG_WARN_BOOL_CONVERSION = YES;
				CLANG_WARN_COMMA = YES;
				CLANG_WARN_CONSTANT_CONVERSION = YES;
				CLANG_WARN_DEPRECATED_OBJC_IMPLEMENTATIONS = YES;
				CLANG_WARN_DIRECT_OBJC_ISA_USAGE = YES_ERROR;
				CLANG_WARN_DOCUMENTATION_COMMENTS = YES;
				CLANG_WARN_EMPTY_BODY = YES;
				CLANG_WARN_ENUM_CONVERSION = YES;
				CLANG_WARN_INFINITE_RECURSION = YES;
				CLANG_WARN_INT_CONVERSION = YES;
				CLANG_WARN_NON_LITERAL_NULL_CONVERSION = YES;
				CLANG_WARN_OBJC_IMPLICIT_RETAIN_SELF = YES;
				CLANG_WARN_OBJC_LITERAL_CONVERSION = YES;
				CLANG_WARN_OBJC_ROOT_CLASS = YES_ERROR;
				CLANG_WARN_QUOTED_INCLUDE_IN_FRAMEWORK_HEADER = YES;
				CLANG_WARN_RANGE_LOOP_ANALYSIS = YES;
				CLANG_WARN_STRICT_PROTOTYPES = YES;
				CLANG_WARN_SUSPICIOUS_MOVE = YES;
				CLANG_WARN_UNGUARDED_AVAILABILITY = YES_AGGRESSIVE;
				CLANG_WARN_UNREACHABLE_CODE = YES;
				CLANG_WARN__DUPLICATE_METHOD_MATCH = YES;
				COPY_PHASE_STRIP = NO;
				DEBUG_INFORMATION_FORMAT = dwarf;
				ENABLE_STRICT_OBJC_MSGSEND = YES;
				ENABLE_TESTABILITY = YES;
				GCC_C_LANGUAGE_STANDARD = gnu11;
				GCC_DYNAMIC_NO_PIC = NO;
				GCC_NO_COMMON_BLOCKS = YES;
				GCC_OPTIMIZATION_LEVEL = 0;
				GCC_PREPROCESSOR_DEFINITIONS = (
					"DEBUG=1",
					"$(inherited)",
				);
				GCC_WARN_64_TO_32_BIT_CONVERSION = YES;
				GCC_WARN_ABOUT_RETURN_TYPE = YES_ERROR;
				GCC_WARN_UNDECLARED_SELECTOR = YES;
				GCC_WARN_UNINITIALIZED_AUTOS = YES_AGGRESSIVE;
				GCC_WARN_UNUSED_FUNCTION = YES;
				GCC_WARN_UNUSED_VARIABLE = YES;
				IPHONEOS_DEPLOYMENT_TARGET = 14.5;
				MTL_ENABLE_DEBUG_INFO = INCLUDE_SOURCE;
				MTL_FAST_MATH = YES;
				ONLY_ACTIVE_ARCH = YES;
				SDKROOT = iphoneos;
				SWIFT_ACTIVE_COMPILATION_CONDITIONS = DEBUG;
				SWIFT_OPTIMIZATION_LEVEL = "-Onone";
			};
			name = Debug;
		};
		164EE90C2666B7D500312366 /* Release */ = {
			isa = XCBuildConfiguration;
			buildSettings = {
				ALWAYS_SEARCH_USER_PATHS = NO;
				CLANG_ANALYZER_NONNULL = YES;
				CLANG_ANALYZER_NUMBER_OBJECT_CONVERSION = YES_AGGRESSIVE;
				CLANG_CXX_LANGUAGE_STANDARD = "gnu++14";
				CLANG_CXX_LIBRARY = "libc++";
				CLANG_ENABLE_MODULES = YES;
				CLANG_ENABLE_OBJC_ARC = YES;
				CLANG_ENABLE_OBJC_WEAK = YES;
				CLANG_WARN_BLOCK_CAPTURE_AUTORELEASING = YES;
				CLANG_WARN_BOOL_CONVERSION = YES;
				CLANG_WARN_COMMA = YES;
				CLANG_WARN_CONSTANT_CONVERSION = YES;
				CLANG_WARN_DEPRECATED_OBJC_IMPLEMENTATIONS = YES;
				CLANG_WARN_DIRECT_OBJC_ISA_USAGE = YES_ERROR;
				CLANG_WARN_DOCUMENTATION_COMMENTS = YES;
				CLANG_WARN_EMPTY_BODY = YES;
				CLANG_WARN_ENUM_CONVERSION = YES;
				CLANG_WARN_INFINITE_RECURSION = YES;
				CLANG_WARN_INT_CONVERSION = YES;
				CLANG_WARN_NON_LITERAL_NULL_CONVERSION = YES;
				CLANG_WARN_OBJC_IMPLICIT_RETAIN_SELF = YES;
				CLANG_WARN_OBJC_LITERAL_CONVERSION = YES;
				CLANG_WARN_OBJC_ROOT_CLASS = YES_ERROR;
				CLANG_WARN_QUOTED_INCLUDE_IN_FRAMEWORK_HEADER = YES;
				CLANG_WARN_RANGE_LOOP_ANALYSIS = YES;
				CLANG_WARN_STRICT_PROTOTYPES = YES;
				CLANG_WARN_SUSPICIOUS_MOVE = YES;
				CLANG_WARN_UNGUARDED_AVAILABILITY = YES_AGGRESSIVE;
				CLANG_WARN_UNREACHABLE_CODE = YES;
				CLANG_WARN__DUPLICATE_METHOD_MATCH = YES;
				COPY_PHASE_STRIP = NO;
				DEBUG_INFORMATION_FORMAT = "dwarf-with-dsym";
				ENABLE_NS_ASSERTIONS = NO;
				ENABLE_STRICT_OBJC_MSGSEND = YES;
				GCC_C_LANGUAGE_STANDARD = gnu11;
				GCC_NO_COMMON_BLOCKS = YES;
				GCC_WARN_64_TO_32_BIT_CONVERSION = YES;
				GCC_WARN_ABOUT_RETURN_TYPE = YES_ERROR;
				GCC_WARN_UNDECLARED_SELECTOR = YES;
				GCC_WARN_UNINITIALIZED_AUTOS = YES_AGGRESSIVE;
				GCC_WARN_UNUSED_FUNCTION = YES;
				GCC_WARN_UNUSED_VARIABLE = YES;
				IPHONEOS_DEPLOYMENT_TARGET = 14.5;
				MTL_ENABLE_DEBUG_INFO = NO;
				MTL_FAST_MATH = YES;
				SDKROOT = iphoneos;
				SWIFT_COMPILATION_MODE = wholemodule;
				SWIFT_OPTIMIZATION_LEVEL = "-O";
				VALIDATE_PRODUCT = YES;
			};
			name = Release;
		};
		164EE90E2666B7D500312366 /* Debug */ = {
			isa = XCBuildConfiguration;
			buildSettings = {
				ASSETCATALOG_COMPILER_APPICON_NAME = AppIcon;
				ASSETCATALOG_COMPILER_GLOBAL_ACCENT_COLOR_NAME = AccentColor;
				CODE_SIGN_STYLE = Automatic;
				DEVELOPMENT_TEAM = 97WCP8NGSS;
				FRAMEWORK_SEARCH_PATHS = (
					"$(inherited)",
					"$(PROJECT_DIR)",
					"$(PROJECT_DIR)/FrameWorks",
					"$(PROJECT_DIR)/Demo",
					"$(PROJECT_DIR)/Frameworks",
				);
				INFOPLIST_FILE = Demo/Info.plist;
				LD_RUNPATH_SEARCH_PATHS = (
					"$(inherited)",
					"@executable_path/Frameworks",
				);
				PRODUCT_BUNDLE_IDENTIFIER = com.AndNasPlay.Demo;
				PRODUCT_NAME = "$(TARGET_NAME)";
				SWIFT_VERSION = 5.0;
				TARGETED_DEVICE_FAMILY = "1,2";
			};
			name = Debug;
		};
		164EE90F2666B7D500312366 /* Release */ = {
			isa = XCBuildConfiguration;
			buildSettings = {
				ASSETCATALOG_COMPILER_APPICON_NAME = AppIcon;
				ASSETCATALOG_COMPILER_GLOBAL_ACCENT_COLOR_NAME = AccentColor;
				CODE_SIGN_STYLE = Automatic;
				DEVELOPMENT_TEAM = 97WCP8NGSS;
				FRAMEWORK_SEARCH_PATHS = (
					"$(inherited)",
					"$(PROJECT_DIR)",
					"$(PROJECT_DIR)/FrameWorks",
					"$(PROJECT_DIR)/Demo",
					"$(PROJECT_DIR)/Frameworks",
				);
				INFOPLIST_FILE = Demo/Info.plist;
				LD_RUNPATH_SEARCH_PATHS = (
					"$(inherited)",
					"@executable_path/Frameworks",
				);
				PRODUCT_BUNDLE_IDENTIFIER = com.AndNasPlay.Demo;
				PRODUCT_NAME = "$(TARGET_NAME)";
				SWIFT_VERSION = 5.0;
				TARGETED_DEVICE_FAMILY = "1,2";
			};
			name = Release;
		};
		164EE9112666B7D500312366 /* Debug */ = {
			isa = XCBuildConfiguration;
			buildSettings = {
				ALWAYS_EMBED_SWIFT_STANDARD_LIBRARIES = YES;
				BUNDLE_LOADER = "$(TEST_HOST)";
				CODE_SIGN_STYLE = Automatic;
				DEVELOPMENT_TEAM = 97WCP8NGSS;
				INFOPLIST_FILE = DemoTests/Info.plist;
				IPHONEOS_DEPLOYMENT_TARGET = 14.5;
				LD_RUNPATH_SEARCH_PATHS = (
					"$(inherited)",
					"@executable_path/Frameworks",
					"@loader_path/Frameworks",
				);
				PRODUCT_BUNDLE_IDENTIFIER = com.AndNasPlay.DemoTests;
				PRODUCT_NAME = "$(TARGET_NAME)";
				SWIFT_VERSION = 5.0;
				TARGETED_DEVICE_FAMILY = "1,2";
				TEST_HOST = "$(BUILT_PRODUCTS_DIR)/Demo.app/Demo";
			};
			name = Debug;
		};
		164EE9122666B7D500312366 /* Release */ = {
			isa = XCBuildConfiguration;
			buildSettings = {
				ALWAYS_EMBED_SWIFT_STANDARD_LIBRARIES = YES;
				BUNDLE_LOADER = "$(TEST_HOST)";
				CODE_SIGN_STYLE = Automatic;
				DEVELOPMENT_TEAM = 97WCP8NGSS;
				INFOPLIST_FILE = DemoTests/Info.plist;
				IPHONEOS_DEPLOYMENT_TARGET = 14.5;
				LD_RUNPATH_SEARCH_PATHS = (
					"$(inherited)",
					"@executable_path/Frameworks",
					"@loader_path/Frameworks",
				);
				PRODUCT_BUNDLE_IDENTIFIER = com.AndNasPlay.DemoTests;
				PRODUCT_NAME = "$(TARGET_NAME)";
				SWIFT_VERSION = 5.0;
				TARGETED_DEVICE_FAMILY = "1,2";
				TEST_HOST = "$(BUILT_PRODUCTS_DIR)/Demo.app/Demo";
			};
			name = Release;
		};
		164EE9142666B7D500312366 /* Debug */ = {
			isa = XCBuildConfiguration;
			buildSettings = {
				ALWAYS_EMBED_SWIFT_STANDARD_LIBRARIES = YES;
				CODE_SIGN_STYLE = Automatic;
				DEVELOPMENT_TEAM = 97WCP8NGSS;
				INFOPLIST_FILE = DemoUITests/Info.plist;
				LD_RUNPATH_SEARCH_PATHS = (
					"$(inherited)",
					"@executable_path/Frameworks",
					"@loader_path/Frameworks",
				);
				PRODUCT_BUNDLE_IDENTIFIER = com.AndNasPlay.DemoUITests;
				PRODUCT_NAME = "$(TARGET_NAME)";
				SWIFT_VERSION = 5.0;
				TARGETED_DEVICE_FAMILY = "1,2";
				TEST_TARGET_NAME = Demo;
			};
			name = Debug;
		};
		164EE9152666B7D500312366 /* Release */ = {
			isa = XCBuildConfiguration;
			buildSettings = {
				ALWAYS_EMBED_SWIFT_STANDARD_LIBRARIES = YES;
				CODE_SIGN_STYLE = Automatic;
				DEVELOPMENT_TEAM = 97WCP8NGSS;
				INFOPLIST_FILE = DemoUITests/Info.plist;
				LD_RUNPATH_SEARCH_PATHS = (
					"$(inherited)",
					"@executable_path/Frameworks",
					"@loader_path/Frameworks",
				);
				PRODUCT_BUNDLE_IDENTIFIER = com.AndNasPlay.DemoUITests;
				PRODUCT_NAME = "$(TARGET_NAME)";
				SWIFT_VERSION = 5.0;
				TARGETED_DEVICE_FAMILY = "1,2";
				TEST_TARGET_NAME = Demo;
			};
			name = Release;
		};
/* End XCBuildConfiguration section */

/* Begin XCConfigurationList section */
		164EE8DE2666B7D200312366 /* Build configuration list for PBXProject "Demo" */ = {
			isa = XCConfigurationList;
			buildConfigurations = (
				164EE90B2666B7D500312366 /* Debug */,
				164EE90C2666B7D500312366 /* Release */,
			);
			defaultConfigurationIsVisible = 0;
			defaultConfigurationName = Release;
		};
		164EE90D2666B7D500312366 /* Build configuration list for PBXNativeTarget "Demo" */ = {
			isa = XCConfigurationList;
			buildConfigurations = (
				164EE90E2666B7D500312366 /* Debug */,
				164EE90F2666B7D500312366 /* Release */,
			);
			defaultConfigurationIsVisible = 0;
			defaultConfigurationName = Release;
		};
		164EE9102666B7D500312366 /* Build configuration list for PBXNativeTarget "DemoTests" */ = {
			isa = XCConfigurationList;
			buildConfigurations = (
				164EE9112666B7D500312366 /* Debug */,
				164EE9122666B7D500312366 /* Release */,
			);
			defaultConfigurationIsVisible = 0;
			defaultConfigurationName = Release;
		};
		164EE9132666B7D500312366 /* Build configuration list for PBXNativeTarget "DemoUITests" */ = {
			isa = XCConfigurationList;
			buildConfigurations = (
				164EE9142666B7D500312366 /* Debug */,
				164EE9152666B7D500312366 /* Release */,
			);
			defaultConfigurationIsVisible = 0;
			defaultConfigurationName = Release;
		};
/* End XCConfigurationList section */
	};
	rootObject = 164EE8DB2666B7D200312366 /* Project object */;
}
